
Microsoft Visual Studio Solution File, Format Version 12.00
# Visual Studio 15
VisualStudioVersion = 15.0.26014.0
MinimumVisualStudioVersion = 10.0.40219.1
Project("{FAE04EC0-301F-11D3-BF4B-00C04F79EFBC}") = "VK Miner", "VK Miner\VK Miner.csproj", "{5D268A73-03D5-4785-A576-5CF54AC4C87C}"
	ProjectSection(ProjectDependencies) = postProject
		{7CFAA0CC-CAB8-4E90-9D43-4EFE40DD62CE} = {7CFAA0CC-CAB8-4E90-9D43-4EFE40DD62CE}
	EndProjectSection
EndProject
Project("{FAE04EC0-301F-11D3-BF4B-00C04F79EFBC}") = "SharpDX Test", "SharpDX Test\SharpDX Test.csproj", "{7CFAA0CC-CAB8-4E90-9D43-4EFE40DD62CE}"
EndProject
Global
	GlobalSection(SolutionConfigurationPlatforms) = preSolution
		Debug|Any CPU = Debug|Any CPU
		Release|Any CPU = Release|Any CPU
	EndGlobalSection
	GlobalSection(ProjectConfigurationPlatforms) = postSolution
		{5D268A73-03D5-4785-A576-5CF54AC4C87C}.Debug|Any CPU.ActiveCfg = Debug|Any CPU
		{5D268A73-03D5-4785-A576-5CF54AC4C87C}.Debug|Any CPU.Build.0 = Debug|Any CPU
		{5D268A73-03D5-4785-A576-5CF54AC4C87C}.Release|Any CPU.ActiveCfg = Release|Any CPU
		{5D268A73-03D5-4785-A576-5CF54AC4C87C}.Release|Any CPU.Build.0 = Release|Any CPU
		{7CFAA0CC-CAB8-4E90-9D43-4EFE40DD62CE}.Debug|Any CPU.ActiveCfg = Debug|Any CPU
		{7CFAA0CC-CAB8-4E90-9D43-4EFE40DD62CE}.Debug|Any CPU.Build.0 = Debug|Any CPU
		{7CFAA0CC-CAB8-4E90-9D43-4EFE40DD62CE}.Release|Any CPU.ActiveCfg = Release|Any CPU
		{7CFAA0CC-CAB8-4E90-9D43-4EFE40DD62CE}.Release|Any CPU.Build.0 = Release|Any CPU
	EndGlobalSection
	GlobalSection(SolutionProperties) = preSolution
		HideSolutionNode = FALSE
	EndGlobalSection
EndGlobal
